
Microsoft Visual Studio Solution File, Format Version 12.00
# Visual Studio Version 17
VisualStudioVersion = 17.0.31903.59
MinimumVisualStudioVersion = 10.0.40219.1
Project("{2150E333-8FDC-42A3-9474-1A3956D46DE8}") = "Criacao", "Criacao", "{7B37D7CC-EB8A-4566-8054-85F3067FCD6F}"
EndProject
Project("{FAE04EC0-301F-11D3-BF4B-00C04F79EFBC}") = "Singleton", "Criacao\Singleton\Singleton.csproj", "{648D9C54-0A44-4885-AF19-75480B972B45}"
EndProject
Project("{FAE04EC0-301F-11D3-BF4B-00C04F79EFBC}") = "FactoryMethod", "Criacao\FactoryMethod\FactoryMethod.csproj", "{252EDC77-AD14-46E4-8897-2D5CD33AE177}"
EndProject
Project("{FAE04EC0-301F-11D3-BF4B-00C04F79EFBC}") = "AbstractFactory", "Criacao\AbstractFactory\AbstractFactory.csproj", "{F1A8383C-E118-4397-A69C-82E2405E2DFD}"
EndProject
Project("{FAE04EC0-301F-11D3-BF4B-00C04F79EFBC}") = "Builder", "Criacao\Builder\Builder.csproj", "{EB717188-EF17-4F7C-8C28-164108BDAD99}"
EndProject
Project("{FAE04EC0-301F-11D3-BF4B-00C04F79EFBC}") = "Prototype", "Criacao\Prototype\Prototype.csproj", "{E9186396-C753-480A-B316-27950B1C444F}"
EndProject
Project("{2150E333-8FDC-42A3-9474-1A3956D46DE8}") = "Estrutural", "Estrutural", "{9BC4D5DD-4CA5-4546-B311-9AC6AA1D1D2E}"
EndProject
Project("{FAE04EC0-301F-11D3-BF4B-00C04F79EFBC}") = "Adapter", "Estrutural\Adapter\Adapter.csproj", "{C4097741-210D-44BC-ACC1-F2B87F3FA95E}"
EndProject
Project("{FAE04EC0-301F-11D3-BF4B-00C04F79EFBC}") = "Bridge", "Estrutural\Bridge\Bridge.csproj", "{03EB285D-C6EC-4592-BD77-185E705144AF}"
EndProject
Project("{FAE04EC0-301F-11D3-BF4B-00C04F79EFBC}") = "Composite", "Estrutural\Composite\Composite.csproj", "{A6B106DC-3C63-49EA-9ED9-864900ED2559}"
EndProject
Project("{FAE04EC0-301F-11D3-BF4B-00C04F79EFBC}") = "Decorator", "Estrutural\Decorator\Decorator.csproj", "{0A105EA9-B674-43BC-84AC-DA687411B242}"
EndProject
Project("{FAE04EC0-301F-11D3-BF4B-00C04F79EFBC}") = "Facade", "Estrutural\Facade\Facade.csproj", "{134857A4-C3C3-444D-BB04-BF4FE6D211F9}"
EndProject
Project("{FAE04EC0-301F-11D3-BF4B-00C04F79EFBC}") = "Flyweight", "Estrutural\Flyweight\Flyweight.csproj", "{50D534A6-DEC8-4D0E-B2E3-59F244DB9D68}"
EndProject
Project("{FAE04EC0-301F-11D3-BF4B-00C04F79EFBC}") = "Proxy", "Estrutural\Proxy\Proxy.csproj", "{D32E9464-FF9A-4177-A8DA-53C2BFF6BFE2}"
EndProject
Project("{2150E333-8FDC-42A3-9474-1A3956D46DE8}") = "Comportamental", "Comportamental", "{2E09C0BF-23B3-412E-9807-926F74409C93}"
EndProject
Project("{FAE04EC0-301F-11D3-BF4B-00C04F79EFBC}") = "ChainOfResponsibility", "Comportamental\ChainOfResponsibility\ChainOfResponsibility.csproj", "{0A315C27-5813-49B6-8E85-21BDD61B1319}"
EndProject
Global
	GlobalSection(SolutionConfigurationPlatforms) = preSolution
		Debug|Any CPU = Debug|Any CPU
		Release|Any CPU = Release|Any CPU
	EndGlobalSection
	GlobalSection(SolutionProperties) = preSolution
		HideSolutionNode = FALSE
	EndGlobalSection
	GlobalSection(ProjectConfigurationPlatforms) = postSolution
		{648D9C54-0A44-4885-AF19-75480B972B45}.Debug|Any CPU.ActiveCfg = Debug|Any CPU
		{648D9C54-0A44-4885-AF19-75480B972B45}.Debug|Any CPU.Build.0 = Debug|Any CPU
		{648D9C54-0A44-4885-AF19-75480B972B45}.Release|Any CPU.ActiveCfg = Release|Any CPU
		{648D9C54-0A44-4885-AF19-75480B972B45}.Release|Any CPU.Build.0 = Release|Any CPU
		{252EDC77-AD14-46E4-8897-2D5CD33AE177}.Debug|Any CPU.ActiveCfg = Debug|Any CPU
		{252EDC77-AD14-46E4-8897-2D5CD33AE177}.Debug|Any CPU.Build.0 = Debug|Any CPU
		{252EDC77-AD14-46E4-8897-2D5CD33AE177}.Release|Any CPU.ActiveCfg = Release|Any CPU
		{252EDC77-AD14-46E4-8897-2D5CD33AE177}.Release|Any CPU.Build.0 = Release|Any CPU
		{F1A8383C-E118-4397-A69C-82E2405E2DFD}.Debug|Any CPU.ActiveCfg = Debug|Any CPU
		{F1A8383C-E118-4397-A69C-82E2405E2DFD}.Debug|Any CPU.Build.0 = Debug|Any CPU
		{F1A8383C-E118-4397-A69C-82E2405E2DFD}.Release|Any CPU.ActiveCfg = Release|Any CPU
		{F1A8383C-E118-4397-A69C-82E2405E2DFD}.Release|Any CPU.Build.0 = Release|Any CPU
		{EB717188-EF17-4F7C-8C28-164108BDAD99}.Debug|Any CPU.ActiveCfg = Debug|Any CPU
		{EB717188-EF17-4F7C-8C28-164108BDAD99}.Debug|Any CPU.Build.0 = Debug|Any CPU
		{EB717188-EF17-4F7C-8C28-164108BDAD99}.Release|Any CPU.ActiveCfg = Release|Any CPU
		{EB717188-EF17-4F7C-8C28-164108BDAD99}.Release|Any CPU.Build.0 = Release|Any CPU
		{E9186396-C753-480A-B316-27950B1C444F}.Debug|Any CPU.ActiveCfg = Debug|Any CPU
		{E9186396-C753-480A-B316-27950B1C444F}.Debug|Any CPU.Build.0 = Debug|Any CPU
		{E9186396-C753-480A-B316-27950B1C444F}.Release|Any CPU.ActiveCfg = Release|Any CPU
		{E9186396-C753-480A-B316-27950B1C444F}.Release|Any CPU.Build.0 = Release|Any CPU
		{C4097741-210D-44BC-ACC1-F2B87F3FA95E}.Debug|Any CPU.ActiveCfg = Debug|Any CPU
		{C4097741-210D-44BC-ACC1-F2B87F3FA95E}.Debug|Any CPU.Build.0 = Debug|Any CPU
		{C4097741-210D-44BC-ACC1-F2B87F3FA95E}.Release|Any CPU.ActiveCfg = Release|Any CPU
		{C4097741-210D-44BC-ACC1-F2B87F3FA95E}.Release|Any CPU.Build.0 = Release|Any CPU
		{03EB285D-C6EC-4592-BD77-185E705144AF}.Debug|Any CPU.ActiveCfg = Debug|Any CPU
		{03EB285D-C6EC-4592-BD77-185E705144AF}.Debug|Any CPU.Build.0 = Debug|Any CPU
		{03EB285D-C6EC-4592-BD77-185E705144AF}.Release|Any CPU.ActiveCfg = Release|Any CPU
		{03EB285D-C6EC-4592-BD77-185E705144AF}.Release|Any CPU.Build.0 = Release|Any CPU
		{A6B106DC-3C63-49EA-9ED9-864900ED2559}.Debug|Any CPU.ActiveCfg = Debug|Any CPU
		{A6B106DC-3C63-49EA-9ED9-864900ED2559}.Debug|Any CPU.Build.0 = Debug|Any CPU
		{A6B106DC-3C63-49EA-9ED9-864900ED2559}.Release|Any CPU.ActiveCfg = Release|Any CPU
		{A6B106DC-3C63-49EA-9ED9-864900ED2559}.Release|Any CPU.Build.0 = Release|Any CPU
		{0A105EA9-B674-43BC-84AC-DA687411B242}.Debug|Any CPU.ActiveCfg = Debug|Any CPU
		{0A105EA9-B674-43BC-84AC-DA687411B242}.Debug|Any CPU.Build.0 = Debug|Any CPU
		{0A105EA9-B674-43BC-84AC-DA687411B242}.Release|Any CPU.ActiveCfg = Release|Any CPU
		{0A105EA9-B674-43BC-84AC-DA687411B242}.Release|Any CPU.Build.0 = Release|Any CPU
		{134857A4-C3C3-444D-BB04-BF4FE6D211F9}.Debug|Any CPU.ActiveCfg = Debug|Any CPU
		{134857A4-C3C3-444D-BB04-BF4FE6D211F9}.Debug|Any CPU.Build.0 = Debug|Any CPU
		{134857A4-C3C3-444D-BB04-BF4FE6D211F9}.Release|Any CPU.ActiveCfg = Release|Any CPU
		{134857A4-C3C3-444D-BB04-BF4FE6D211F9}.Release|Any CPU.Build.0 = Release|Any CPU
		{50D534A6-DEC8-4D0E-B2E3-59F244DB9D68}.Debug|Any CPU.ActiveCfg = Debug|Any CPU
		{50D534A6-DEC8-4D0E-B2E3-59F244DB9D68}.Debug|Any CPU.Build.0 = Debug|Any CPU
		{50D534A6-DEC8-4D0E-B2E3-59F244DB9D68}.Release|Any CPU.ActiveCfg = Release|Any CPU
		{50D534A6-DEC8-4D0E-B2E3-59F244DB9D68}.Release|Any CPU.Build.0 = Release|Any CPU
		{D32E9464-FF9A-4177-A8DA-53C2BFF6BFE2}.Debug|Any CPU.ActiveCfg = Debug|Any CPU
		{D32E9464-FF9A-4177-A8DA-53C2BFF6BFE2}.Debug|Any CPU.Build.0 = Debug|Any CPU
		{D32E9464-FF9A-4177-A8DA-53C2BFF6BFE2}.Release|Any CPU.ActiveCfg = Release|Any CPU
		{D32E9464-FF9A-4177-A8DA-53C2BFF6BFE2}.Release|Any CPU.Build.0 = Release|Any CPU
		{0A315C27-5813-49B6-8E85-21BDD61B1319}.Debug|Any CPU.ActiveCfg = Debug|Any CPU
		{0A315C27-5813-49B6-8E85-21BDD61B1319}.Debug|Any CPU.Build.0 = Debug|Any CPU
		{0A315C27-5813-49B6-8E85-21BDD61B1319}.Release|Any CPU.ActiveCfg = Release|Any CPU
		{0A315C27-5813-49B6-8E85-21BDD61B1319}.Release|Any CPU.Build.0 = Release|Any CPU
	EndGlobalSection
	GlobalSection(NestedProjects) = preSolution
		{648D9C54-0A44-4885-AF19-75480B972B45} = {7B37D7CC-EB8A-4566-8054-85F3067FCD6F}
		{252EDC77-AD14-46E4-8897-2D5CD33AE177} = {7B37D7CC-EB8A-4566-8054-85F3067FCD6F}
		{F1A8383C-E118-4397-A69C-82E2405E2DFD} = {7B37D7CC-EB8A-4566-8054-85F3067FCD6F}
		{EB717188-EF17-4F7C-8C28-164108BDAD99} = {7B37D7CC-EB8A-4566-8054-85F3067FCD6F}
		{E9186396-C753-480A-B316-27950B1C444F} = {7B37D7CC-EB8A-4566-8054-85F3067FCD6F}
		{C4097741-210D-44BC-ACC1-F2B87F3FA95E} = {9BC4D5DD-4CA5-4546-B311-9AC6AA1D1D2E}
		{03EB285D-C6EC-4592-BD77-185E705144AF} = {9BC4D5DD-4CA5-4546-B311-9AC6AA1D1D2E}
		{A6B106DC-3C63-49EA-9ED9-864900ED2559} = {9BC4D5DD-4CA5-4546-B311-9AC6AA1D1D2E}
		{0A105EA9-B674-43BC-84AC-DA687411B242} = {9BC4D5DD-4CA5-4546-B311-9AC6AA1D1D2E}
		{134857A4-C3C3-444D-BB04-BF4FE6D211F9} = {9BC4D5DD-4CA5-4546-B311-9AC6AA1D1D2E}
		{50D534A6-DEC8-4D0E-B2E3-59F244DB9D68} = {9BC4D5DD-4CA5-4546-B311-9AC6AA1D1D2E}
		{D32E9464-FF9A-4177-A8DA-53C2BFF6BFE2} = {9BC4D5DD-4CA5-4546-B311-9AC6AA1D1D2E}
		{0A315C27-5813-49B6-8E85-21BDD61B1319} = {2E09C0BF-23B3-412E-9807-926F74409C93}
	EndGlobalSection
EndGlobal
